
Microsoft Visual Studio Solution File, Format Version 12.00
# Visual Studio 2012
Project("{FAE04EC0-301F-11D3-BF4B-00C04F79EFBC}") = "petermajor.configureawait", "petermajor.configureawait\petermajor.configureawait.csproj", "{CC03C22C-9A8D-4CD7-923D-59DEFF148824}"
EndProject
Global
	GlobalSection(SolutionConfigurationPlatforms) = preSolution
		Debug|Any CPU = Debug|Any CPU
		Release|Any CPU = Release|Any CPU
	EndGlobalSection
	GlobalSection(ProjectConfigurationPlatforms) = postSolution
		{CC03C22C-9A8D-4CD7-923D-59DEFF148824}.Debug|Any CPU.ActiveCfg = Debug|Any CPU
		{CC03C22C-9A8D-4CD7-923D-59DEFF148824}.Debug|Any CPU.Build.0 = Debug|Any CPU
		{CC03C22C-9A8D-4CD7-923D-59DEFF148824}.Release|Any CPU.ActiveCfg = Release|Any CPU
		{CC03C22C-9A8D-4CD7-923D-59DEFF148824}.Release|Any CPU.Build.0 = Release|Any CPU
	EndGlobalSection
EndGlobal
